{
  "nodes": {
    "admiral-cli-src": {
      "flake": false,
      "locked": {
        "lastModified": 1697461170,
        "narHash": "sha256-HM+ZaeExfYsybb9nJTubPIpZAU75KZI1BC1PtsvLhkE=",
        "ref": "master",
        "rev": "0abe6a100718751b697c05137177bad4e8c0ffd9",
        "revCount": 99,
        "type": "git",
        "url": "ssh://git@github.com/Maersk-Global/admiral-cli"
      },
      "original": {
        "ref": "master",
        "type": "git",
        "url": "ssh://git@github.com/Maersk-Global/admiral-cli"
      }
    },
    "dyd": {
      "inputs": {
        "nixpkgs": [
          "nrg",
          "nixpkgs"
        ]
      },
      "locked": {
        "lastModified": 1698099732,
        "narHash": "sha256-32ZqWTcOPj4FwE3tnlGtqBoK8rP5DX0g0X3CZvcO+yI=",
        "owner": "synchronal",
        "repo": "dyd",
        "rev": "4277fbb24e225f43f109d0c9e97ba5cb98c5b04b",
        "type": "github"
      },
      "original": {
        "owner": "synchronal",
        "repo": "dyd",
        "type": "github"
      }
    },
    "flake-compat": {
      "flake": false,
      "locked": {
        "lastModified": 1673956053,
        "narHash": "sha256-4gtG9iQuiKITOjNQQeQIpoIB6b16fm+504Ch3sNKLd8=",
        "owner": "edolstra",
        "repo": "flake-compat",
        "rev": "35bb57c0c8d8b62bbfd284272c928ceb64ddbde9",
        "type": "github"
      },
      "original": {
        "owner": "edolstra",
        "repo": "flake-compat",
        "type": "github"
      }
    },
    "flake-utils": {
      "inputs": {
        "systems": "systems"
      },
      "locked": {
        "lastModified": 1681202837,
        "narHash": "sha256-H+Rh19JDwRtpVPAWp64F+rlEtxUWBAQW28eAi3SRSzg=",
        "owner": "numtide",
        "repo": "flake-utils",
        "rev": "cfacdce06f30d2b68473a46042957675eebb3401",
        "type": "github"
      },
      "original": {
        "owner": "numtide",
        "repo": "flake-utils",
        "type": "github"
      }
    },
    "git-mob": {
      "inputs": {
        "nixpkgs": [
          "nrg",
          "nixpkgs"
        ]
      },
      "locked": {
        "lastModified": 1702035976,
        "narHash": "sha256-vyqCVW9pUpnSOvAK99cBbo3CzYJPOEQjJWN94bIkv+o=",
        "owner": "code-supply",
        "repo": "git-mob",
        "rev": "3f680665dfaaf92174ea8029c42e9fe39c5d5a0a",
        "type": "github"
      },
      "original": {
        "owner": "code-supply",
        "repo": "git-mob",
        "type": "github"
      }
    },
    "home-manager": {
      "inputs": {
        "nixpkgs": "nixpkgs"
      },
      "locked": {
        "lastModified": 1702937117,
        "narHash": "sha256-4GjkL2D01bDg00UZN/SeGrnBZrDVOFeZTbQx6U702Vc=",
        "owner": "nix-community",
        "repo": "home-manager",
        "rev": "e8aaced73ebaf6bfa8e3c6ab0a19cb184bc4d798",
        "type": "github"
      },
      "original": {
        "id": "home-manager",
        "type": "indirect"
      }
    },
    "home-manager_2": {
      "inputs": {
        "nixpkgs": [
          "nrg",
          "nixpkgs"
        ]
      },
      "locked": {
        "lastModified": 1702423270,
        "narHash": "sha256-3ZA5E+b2XBP+c9qGhWpRApzPq/PZtIPgkeEDpTBV4g8=",
        "owner": "nix-community",
        "repo": "home-manager",
        "rev": "d9297efd3a1c3ebb9027dc68f9da0ac002ae94db",
        "type": "github"
      },
      "original": {
        "owner": "nix-community",
        "repo": "home-manager",
        "type": "github"
      }
    },
    "nix-vscode-extensions": {
      "inputs": {
        "flake-compat": "flake-compat",
        "flake-utils": "flake-utils",
        "nixpkgs": [
          "nrg",
          "nixpkgs"
        ]
      },
      "locked": {
        "lastModified": 1696296106,
        "narHash": "sha256-wwGqdyYrNnThH+pM/8yuXsCfMRl237RlkHbTgaV69Mg=",
        "owner": "nix-community",
        "repo": "nix-vscode-extensions",
        "rev": "b1302e2b5191cec094417fa15725b1025a7189d4",
        "type": "github"
      },
      "original": {
        "owner": "nix-community",
        "repo": "nix-vscode-extensions",
        "type": "github"
      }
    },
    "nixpkgs": {
      "locked": {
        "lastModified": 1702312524,
        "narHash": "sha256-gkZJRDBUCpTPBvQk25G0B7vfbpEYM5s5OZqghkjZsnE=",
        "owner": "NixOS",
        "repo": "nixpkgs",
        "rev": "a9bf124c46ef298113270b1f84a164865987a91c",
        "type": "github"
      },
      "original": {
        "owner": "NixOS",
        "ref": "nixos-unstable",
        "repo": "nixpkgs",
        "type": "github"
      }
    },
    "nixpkgs_2": {
      "locked": {
        "lastModified": 1702272962,
        "narHash": "sha256-D+zHwkwPc6oYQ4G3A1HuadopqRwUY/JkMwHz1YF7j4Q=",
        "owner": "NixOS",
        "repo": "nixpkgs",
        "rev": "e97b3e4186bcadf0ef1b6be22b8558eab1cdeb5d",
        "type": "github"
      },
      "original": {
        "owner": "NixOS",
        "ref": "nixpkgs-unstable",
        "repo": "nixpkgs",
        "type": "github"
      }
    },
    "nrg": {
      "inputs": {
        "admiral-cli-src": "admiral-cli-src",
        "dyd": "dyd",
        "git-mob": "git-mob",
        "home-manager": "home-manager_2",
        "nix-vscode-extensions": "nix-vscode-extensions",
        "nixpkgs": "nixpkgs_2"
      },
      "locked": {
        "lastModified": 1702999448,
        "narHash": "sha256-8S/HF/jGhM23XpV3LgBQlbmOU/2buGV50y189JyHhuQ=",
        "ref": "main",
        "rev": "554ab196e78b82c4f75e04dd53c236c8abeee576",
        "revCount": 2862,
        "type": "git",
        "url": "ssh://git@github.com/Maersk-Global/nrg"
      },
      "original": {
        "ref": "main",
        "type": "git",
        "url": "ssh://git@github.com/Maersk-Global/nrg"
      }
    },
    "root": {
      "inputs": {
        "home-manager": "home-manager",
        "nixpkgs": [
          "nrg",
          "nixpkgs"
        ],
        "nrg": "nrg"
      }
    },
    "systems": {
      "locked": {
        "lastModified": 1681028828,
        "narHash": "sha256-Vy1rq5AaRuLzOxct8nz4T6wlgyUR7zLU309k9mBC768=",
        "owner": "nix-systems",
        "repo": "default",
        "rev": "da67096a3b9bf56a91d16901293e51ba5b49a27e",
        "type": "github"
      },
      "original": {
        "owner": "nix-systems",
        "repo": "default",
        "type": "github"
      }
    }
  },
  "root": "root",
  "version": 7
}
