{
  "nodes": {
    "admiral-cli-src": {
      "flake": false,
      "locked": {
        "lastModified": 1700045768,
        "narHash": "sha256-70FVD0hpNzh5+MmvPCYEYMfFLCdh/7SF1vN2StnL6Ys=",
        "ref": "master",
        "rev": "498c664f6cc5625603f8515e3a03131979c54979",
        "revCount": 103,
        "type": "git",
        "url": "ssh://git@github.com/Maersk-Global/admiral-cli"
      },
      "original": {
        "ref": "master",
        "type": "git",
        "url": "ssh://git@github.com/Maersk-Global/admiral-cli"
      }
    },
    "dyd": {
      "inputs": {
        "nixpkgs": [
          "nrg",
          "nixpkgs"
        ]
      },
      "locked": {
        "lastModified": 1698099732,
        "narHash": "sha256-32ZqWTcOPj4FwE3tnlGtqBoK8rP5DX0g0X3CZvcO+yI=",
        "owner": "synchronal",
        "repo": "dyd",
        "rev": "4277fbb24e225f43f109d0c9e97ba5cb98c5b04b",
        "type": "github"
      },
      "original": {
        "owner": "synchronal",
        "repo": "dyd",
        "type": "github"
      }
    },
    "flake-compat": {
      "flake": false,
      "locked": {
        "lastModified": 1673956053,
        "narHash": "sha256-4gtG9iQuiKITOjNQQeQIpoIB6b16fm+504Ch3sNKLd8=",
        "owner": "edolstra",
        "repo": "flake-compat",
        "rev": "35bb57c0c8d8b62bbfd284272c928ceb64ddbde9",
        "type": "github"
      },
      "original": {
        "owner": "edolstra",
        "repo": "flake-compat",
        "type": "github"
      }
    },
    "flake-utils": {
      "inputs": {
        "systems": "systems"
      },
      "locked": {
        "lastModified": 1681202837,
        "narHash": "sha256-H+Rh19JDwRtpVPAWp64F+rlEtxUWBAQW28eAi3SRSzg=",
        "owner": "numtide",
        "repo": "flake-utils",
        "rev": "cfacdce06f30d2b68473a46042957675eebb3401",
        "type": "github"
      },
      "original": {
        "owner": "numtide",
        "repo": "flake-utils",
        "type": "github"
      }
    },
    "git-mob": {
      "inputs": {
        "nixpkgs": [
          "nrg",
          "nixpkgs"
        ]
      },
      "locked": {
        "lastModified": 1704916829,
        "narHash": "sha256-GWRZ/PrhxGnNG3ggeKUjfWd7bq20M1g3fBXpMLIrces=",
        "owner": "code-supply",
        "repo": "rusty-git-mob",
        "rev": "eefb9c9bec964a129cad5b49e66c4b5e64906511",
        "type": "github"
      },
      "original": {
        "owner": "code-supply",
        "repo": "rusty-git-mob",
        "type": "github"
      }
    },
    "home-manager": {
      "inputs": {
        "nixpkgs": [
          "nrg",
          "nixpkgs"
        ]
      },
      "locked": {
        "lastModified": 1703674883,
        "narHash": "sha256-Jna6MOmLdfgot+AopHv28L+wpwVDfaiafLtO7E4bkj0=",
        "owner": "nix-community",
        "repo": "home-manager",
        "rev": "458544594ba7f0333cf5718045ee7a8eaf5de433",
        "type": "github"
      },
      "original": {
        "owner": "nix-community",
        "repo": "home-manager",
        "type": "github"
      }
    },
    "nix-vscode-extensions": {
      "inputs": {
        "flake-compat": "flake-compat",
        "flake-utils": "flake-utils",
        "nixpkgs": [
          "nrg",
          "nixpkgs"
        ]
      },
      "locked": {
        "lastModified": 1703639874,
        "narHash": "sha256-54bkJbvGRb9Wq4re5tbtbHaFSPg7wnQfgAjCvggEDZ4=",
        "owner": "nix-community",
        "repo": "nix-vscode-extensions",
        "rev": "52061beda00305b26445dc84ca7ab8a6036685c4",
        "type": "github"
      },
      "original": {
        "owner": "nix-community",
        "repo": "nix-vscode-extensions",
        "type": "github"
      }
    },
    "nixpkgs": {
      "locked": {
        "lastModified": 1704626572,
        "narHash": "sha256-VwRTEKzK4wSSv64G+g3RLF3t6yBHrhR2VK3kZ5UWisU=",
        "owner": "NixOS",
        "repo": "nixpkgs",
        "rev": "24fe8bb4f552ad3926274d29e083b79d84707da6",
        "type": "github"
      },
      "original": {
        "owner": "NixOS",
        "ref": "nixpkgs-unstable",
        "repo": "nixpkgs",
        "type": "github"
      }
    },
    "nrg": {
      "inputs": {
        "admiral-cli-src": "admiral-cli-src",
        "dyd": "dyd",
        "git-mob": "git-mob",
        "home-manager": "home-manager",
        "nix-vscode-extensions": "nix-vscode-extensions",
        "nixpkgs": "nixpkgs"
      },
      "locked": {
        "lastModified": 1704964597,
        "narHash": "sha256-EPpltHW9SnUzrM6rn/iLmC1zDJR35ElQKm4J0Js/+Lw=",
        "ref": "refs/heads/main",
        "rev": "818f58fc255b3b2a83a6d278edfa6d5ccdccc0db",
        "revCount": 3332,
        "type": "git",
        "url": "file:///Users/tim.jarratt/workspace/nrg"
      },
      "original": {
        "type": "git",
        "url": "file:///Users/tim.jarratt/workspace/nrg"
      }
    },
    "root": {
      "inputs": {
        "nixpkgs": [
          "nrg",
          "nixpkgs"
        ],
        "nrg": "nrg"
      }
    },
    "systems": {
      "locked": {
        "lastModified": 1681028828,
        "narHash": "sha256-Vy1rq5AaRuLzOxct8nz4T6wlgyUR7zLU309k9mBC768=",
        "owner": "nix-systems",
        "repo": "default",
        "rev": "da67096a3b9bf56a91d16901293e51ba5b49a27e",
        "type": "github"
      },
      "original": {
        "owner": "nix-systems",
        "repo": "default",
        "type": "github"
      }
    }
  },
  "root": "root",
  "version": 7
}
