{
  "nodes": {
    "admiral-cli-src": {
      "flake": false,
      "locked": {
        "lastModified": 1697461170,
        "narHash": "sha256-HM+ZaeExfYsybb9nJTubPIpZAU75KZI1BC1PtsvLhkE=",
        "ref": "master",
        "rev": "0abe6a100718751b697c05137177bad4e8c0ffd9",
        "revCount": 99,
        "type": "git",
        "url": "ssh://git@github.com/Maersk-Global/admiral-cli"
      },
      "original": {
        "ref": "master",
        "type": "git",
        "url": "ssh://git@github.com/Maersk-Global/admiral-cli"
      }
    },
    "dyd": {
      "inputs": {
        "nixpkgs": [
          "nrg",
          "nixpkgs"
        ]
      },
      "locked": {
        "lastModified": 1698099732,
        "narHash": "sha256-32ZqWTcOPj4FwE3tnlGtqBoK8rP5DX0g0X3CZvcO+yI=",
        "owner": "synchronal",
        "repo": "dyd",
        "rev": "4277fbb24e225f43f109d0c9e97ba5cb98c5b04b",
        "type": "github"
      },
      "original": {
        "owner": "synchronal",
        "repo": "dyd",
        "type": "github"
      }
    },
    "flake-compat": {
      "flake": false,
      "locked": {
        "lastModified": 1673956053,
        "narHash": "sha256-4gtG9iQuiKITOjNQQeQIpoIB6b16fm+504Ch3sNKLd8=",
        "owner": "edolstra",
        "repo": "flake-compat",
        "rev": "35bb57c0c8d8b62bbfd284272c928ceb64ddbde9",
        "type": "github"
      },
      "original": {
        "owner": "edolstra",
        "repo": "flake-compat",
        "type": "github"
      }
    },
    "flake-utils": {
      "inputs": {
        "systems": "systems"
      },
      "locked": {
        "lastModified": 1681202837,
        "narHash": "sha256-H+Rh19JDwRtpVPAWp64F+rlEtxUWBAQW28eAi3SRSzg=",
        "owner": "numtide",
        "repo": "flake-utils",
        "rev": "cfacdce06f30d2b68473a46042957675eebb3401",
        "type": "github"
      },
      "original": {
        "owner": "numtide",
        "repo": "flake-utils",
        "type": "github"
      }
    },
    "git-mob": {
      "inputs": {
        "nixpkgs": [
          "nrg",
          "nixpkgs"
        ]
      },
      "locked": {
        "lastModified": 1701361070,
        "narHash": "sha256-06jK/LGapJnkiGrnqXQKgDQ+q43bMm6d2yctq/NXg6A=",
        "owner": "code-supply",
        "repo": "git-mob",
        "rev": "d983a1b9e9c6feded0b1ddf0d2e214ca872b0bb0",
        "type": "github"
      },
      "original": {
        "owner": "code-supply",
        "repo": "git-mob",
        "type": "github"
      }
    },
    "home-manager": {
      "inputs": {
        "nixpkgs": [
          "nixpkgs"
        ]
      },
      "locked": {
        "lastModified": 1701433070,
        "narHash": "sha256-Gf9JStfENaUQ7YWFz3V7x/srIwr4nlnVteqaAxtwpgM=",
        "owner": "nix-community",
        "repo": "home-manager",
        "rev": "4a8545f5e737a6338814a4676dc8e18c7f43fc57",
        "type": "github"
      },
      "original": {
        "owner": "nix-community",
        "repo": "home-manager",
        "type": "github"
      }
    },
    "nix-vscode-extensions": {
      "inputs": {
        "flake-compat": "flake-compat",
        "flake-utils": "flake-utils",
        "nixpkgs": [
          "nrg",
          "nixpkgs"
        ]
      },
      "locked": {
        "lastModified": 1696296106,
        "narHash": "sha256-wwGqdyYrNnThH+pM/8yuXsCfMRl237RlkHbTgaV69Mg=",
        "owner": "nix-community",
        "repo": "nix-vscode-extensions",
        "rev": "b1302e2b5191cec094417fa15725b1025a7189d4",
        "type": "github"
      },
      "original": {
        "owner": "nix-community",
        "repo": "nix-vscode-extensions",
        "type": "github"
      }
    },
    "nixpkgs": {
      "locked": {
        "lastModified": 1699725108,
        "narHash": "sha256-NTiPW4jRC+9puakU4Vi8WpFEirhp92kTOSThuZke+FA=",
        "owner": "NixOS",
        "repo": "nixpkgs",
        "rev": "911ad1e67f458b6bcf0278fa85e33bb9924fed7e",
        "type": "github"
      },
      "original": {
        "owner": "NixOS",
        "ref": "nixpkgs-unstable",
        "repo": "nixpkgs",
        "type": "github"
      }
    },
    "nrg": {
      "inputs": {
        "admiral-cli-src": "admiral-cli-src",
        "dyd": "dyd",
        "git-mob": "git-mob",
        "nix-vscode-extensions": "nix-vscode-extensions",
        "nixpkgs": "nixpkgs"
      },
      "locked": {
        "lastModified": 1701448006,
        "narHash": "sha256-R1WZKKJupPYPoznfOHGccP8RTxGIYX1vLExwM+IhLvo=",
        "ref": "refs/heads/main",
        "rev": "00b75e9d3579a33cc900c77ec04ca33ac62d801a",
        "revCount": 2530,
        "type": "git",
        "url": "file:///Users/tim.jarratt/workspace/nrg"
      },
      "original": {
        "type": "git",
        "url": "file:///Users/tim.jarratt/workspace/nrg"
      }
    },
    "root": {
      "inputs": {
        "home-manager": "home-manager",
        "nixpkgs": [
          "nrg",
          "nixpkgs"
        ],
        "nrg": "nrg"
      }
    },
    "systems": {
      "locked": {
        "lastModified": 1681028828,
        "narHash": "sha256-Vy1rq5AaRuLzOxct8nz4T6wlgyUR7zLU309k9mBC768=",
        "owner": "nix-systems",
        "repo": "default",
        "rev": "da67096a3b9bf56a91d16901293e51ba5b49a27e",
        "type": "github"
      },
      "original": {
        "owner": "nix-systems",
        "repo": "default",
        "type": "github"
      }
    }
  },
  "root": "root",
  "version": 7
}
